version: 1.0
shards:
  admiral:
    github: jwaldrip/admiral.cr
    version: 1.9.0

  crystagiri:
    github: madeindjs/crystagiri
    version: 0.3.5

  halite:
    github: icyleaf/halite
    version: 0.10.4

  pcf-parser:
    github: l3kn/pcf-parser
    version: 0.1.1

  stumpy_core:
    github: stumpycr/stumpy_core
    version: 1.9.1

  stumpy_png:
    github: stumpycr/stumpy_png
    version: 4.5.2

  stumpy_utils:
    github: stumpycr/stumpy_utils
    version: 0.5.1

